
Microsoft Visual Studio Solution File, Format Version 12.00
# Visual Studio 15
VisualStudioVersion = 15.0.28307.106
MinimumVisualStudioVersion = 10.0.40219.1
Project("{FAE04EC0-301F-11D3-BF4B-00C04F79EFBC}") = "Numbers-in_Csharp-VS", "Numbers-in_Csharp-VS\Numbers-in_Csharp-VS.csproj", "{4D943095-CF94-4B3F-83EC-556B5A09ECB6}"
EndProject
Global
	GlobalSection(SolutionConfigurationPlatforms) = preSolution
		Debug|Any CPU = Debug|Any CPU
		Release|Any CPU = Release|Any CPU
	EndGlobalSection
	GlobalSection(ProjectConfigurationPlatforms) = postSolution
		{4D943095-CF94-4B3F-83EC-556B5A09ECB6}.Debug|Any CPU.ActiveCfg = Debug|Any CPU
		{4D943095-CF94-4B3F-83EC-556B5A09ECB6}.Debug|Any CPU.Build.0 = Debug|Any CPU
		{4D943095-CF94-4B3F-83EC-556B5A09ECB6}.Release|Any CPU.ActiveCfg = Release|Any CPU
		{4D943095-CF94-4B3F-83EC-556B5A09ECB6}.Release|Any CPU.Build.0 = Release|Any CPU
	EndGlobalSection
	GlobalSection(SolutionProperties) = preSolution
		HideSolutionNode = FALSE
	EndGlobalSection
	GlobalSection(ExtensibilityGlobals) = postSolution
		SolutionGuid = {864B8209-E473-48D7-B034-E327E0901932}
	EndGlobalSection
EndGlobal
